// !$*UTF8*$!
{
	archiveVersion = 1;
	classes = {
	};
	objectVersion = 77;
	objects = {

/* Begin PBXContainerItemProxy section */
		6DE8DF6F2CCBF29800EB37CB /* PBXContainerItemProxy */ = {
			isa = PBXContainerItemProxy;
			containerPortal = 6DE8DF502CCBF29600EB37CB /* Project object */;
			proxyType = 1;
			remoteGlobalIDString = 6DE8DF572CCBF29600EB37CB;
			remoteInfo = "fav game";
		};
		6DE8DF792CCBF29800EB37CB /* PBXContainerItemProxy */ = {
			isa = PBXContainerItemProxy;
			containerPortal = 6DE8DF502CCBF29600EB37CB /* Project object */;
			proxyType = 1;
			remoteGlobalIDString = 6DE8DF572CCBF29600EB37CB;
			remoteInfo = "fav game";
		};
/* End PBXContainerItemProxy section */

/* Begin PBXFileReference section */
		6DE8DF582CCBF29600EB37CB /* fav game.app */ = {isa = PBXFileReference; explicitFileType = wrapper.application; includeInIndex = 0; name = "fav game.app"; path = "/Users/kamillabagdat/Desktop/ios/fav game/build/Debug-iphoneos/fav game.app"; sourceTree = "<absolute>"; };
		6DE8DF6E2CCBF29800EB37CB /* fav gameTests.xctest */ = {isa = PBXFileReference; explicitFileType = wrapper.cfbundle; includeInIndex = 0; name = "fav gameTests.xctest"; path = "/Users/kamillabagdat/Desktop/ios/fav game/build/Debug-iphoneos/fav game.app/PlugIns/fav gameTests.xctest"; sourceTree = "<absolute>"; };
		6DE8DF782CCBF29800EB37CB /* fav gameUITests.xctest */ = {isa = PBXFileReference; explicitFileType = wrapper.cfbundle; includeInIndex = 0; name = "fav gameUITests.xctest"; path = "/Users/kamillabagdat/Desktop/ios/fav game/build/Debug-iphoneos/fav gameUITests-Runner.app/PlugIns/fav gameUITests.xctest"; sourceTree = "<absolute>"; };
/* End PBXFileReference section */

/* Begin PBXFileSystemSynchronizedBuildFileExceptionSet section */
		6DE8DF802CCBF29800EB37CB /* Exceptions for "fav game" folder in "fav game" target */ = {
			isa = PBXFileSystemSynchronizedBuildFileExceptionSet;
			membershipExceptions = (
				Info.plist,
			);
			target = 6DE8DF572CCBF29600EB37CB /* fav game */;
		};
/* End PBXFileSystemSynchronizedBuildFileExceptionSet section */

/* Begin PBXFileSystemSynchronizedRootGroup section */
		6DE8DF5A2CCBF29600EB37CB /* fav game */ = {
			isa = PBXFileSystemSynchronizedRootGroup;
			exceptions = (
				6DE8DF802CCBF29800EB37CB /* Exceptions for "fav game" folder in "fav game" target */,
			);
			path = "fav game";
			sourceTree = "<group>";
		};
		6DE8DF712CCBF29800EB37CB /* fav gameTests */ = {
			isa = PBXFileSystemSynchronizedRootGroup;
			path = "fav gameTests";
			sourceTree = "<group>";
		};
		6DE8DF7B2CCBF29800EB37CB /* fav gameUITests */ = {
			isa = PBXFileSystemSynchronizedRootGroup;
			path = "fav gameUITests";
			sourceTree = "<group>";
		};
/* End PBXFileSystemSynchronizedRootGroup section */

/* Begin PBXFrameworksBuildPhase section */
		6DE8DF552CCBF29600EB37CB /* Frameworks */ = {
			isa = PBXFrameworksBuildPhase;
			buildActionMask = 2147483647;
			files = (
			);
			runOnlyForDeploymentPostprocessing = 0;
		};
		6DE8DF6B2CCBF29800EB37CB /* Frameworks */ = {
			isa = PBXFrameworksBuildPhase;
			buildActionMask = 2147483647;
			files = (
			);
			runOnlyForDeploymentPostprocessing = 0;
		};
		6DE8DF752CCBF29800EB37CB /* Frameworks */ = {
			isa = PBXFrameworksBuildPhase;
			buildActionMask = 2147483647;
			files = (
			);
			runOnlyForDeploymentPostprocessing = 0;
		};
/* End PBXFrameworksBuildPhase section */

/* Begin PBXGroup section */
		6DE8DF4F2CCBF29600EB37CB = {
			isa = PBXGroup;
			children = (
				6DE8DF5A2CCBF29600EB37CB /* fav game */,
				6DE8DF712CCBF29800EB37CB /* fav gameTests */,
				6DE8DF7B2CCBF29800EB37CB /* fav gameUITests */,
			);
			sourceTree = "<group>";
		};
/* End PBXGroup section */

/* Begin PBXNativeTarget section */
		6DE8DF572CCBF29600EB37CB /* fav game */ = {
			isa = PBXNativeTarget;
			buildConfigurationList = 6DE8DF812CCBF29800EB37CB /* Build configuration list for PBXNativeTarget "fav game" */;
			buildPhases = (
				6DE8DF542CCBF29600EB37CB /* Sources */,
				6DE8DF552CCBF29600EB37CB /* Frameworks */,
				6DE8DF562CCBF29600EB37CB /* Resources */,
			);
			buildRules = (
			);
			dependencies = (
			);
			fileSystemSynchronizedGroups = (
				6DE8DF5A2CCBF29600EB37CB /* fav game */,
			);
			name = "fav game";
			packageProductDependencies = (
			);
			productName = "fav game";
			productReference = 6DE8DF582CCBF29600EB37CB /* fav game.app */;
			productType = "com.apple.product-type.application";
		};
		6DE8DF6D2CCBF29800EB37CB /* fav gameTests */ = {
			isa = PBXNativeTarget;
			buildConfigurationList = 6DE8DF862CCBF29800EB37CB /* Build configuration list for PBXNativeTarget "fav gameTests" */;
			buildPhases = (
				6DE8DF6A2CCBF29800EB37CB /* Sources */,
				6DE8DF6B2CCBF29800EB37CB /* Frameworks */,
				6DE8DF6C2CCBF29800EB37CB /* Resources */,
			);
			buildRules = (
			);
			dependencies = (
				6DE8DF702CCBF29800EB37CB /* PBXTargetDependency */,
			);
			fileSystemSynchronizedGroups = (
				6DE8DF712CCBF29800EB37CB /* fav gameTests */,
			);
			name = "fav gameTests";
			packageProductDependencies = (
			);
			productName = "fav gameTests";
			productReference = 6DE8DF6E2CCBF29800EB37CB /* fav gameTests.xctest */;
			productType = "com.apple.product-type.bundle.unit-test";
		};
		6DE8DF772CCBF29800EB37CB /* fav gameUITests */ = {
			isa = PBXNativeTarget;
			buildConfigurationList = 6DE8DF892CCBF29800EB37CB /* Build configuration list for PBXNativeTarget "fav gameUITests" */;
			buildPhases = (
				6DE8DF742CCBF29800EB37CB /* Sources */,
				6DE8DF752CCBF29800EB37CB /* Frameworks */,
				6DE8DF762CCBF29800EB37CB /* Resources */,
			);
			buildRules = (
			);
			dependencies = (
				6DE8DF7A2CCBF29800EB37CB /* PBXTargetDependency */,
			);
			fileSystemSynchronizedGroups = (
				6DE8DF7B2CCBF29800EB37CB /* fav gameUITests */,
			);
			name = "fav gameUITests";
			packageProductDependencies = (
			);
			productName = "fav gameUITests";
			productReference = 6DE8DF782CCBF29800EB37CB /* fav gameUITests.xctest */;
			productType = "com.apple.product-type.bundle.ui-testing";
		};
/* End PBXNativeTarget section */

/* Begin PBXProject section */
		6DE8DF502CCBF29600EB37CB /* Project object */ = {
			isa = PBXProject;
			attributes = {
				BuildIndependentTargetsInParallel = 1;
				LastSwiftUpdateCheck = 1600;
				LastUpgradeCheck = 1600;
				TargetAttributes = {
					6DE8DF572CCBF29600EB37CB = {
						CreatedOnToolsVersion = 16.0;
					};
					6DE8DF6D2CCBF29800EB37CB = {
						CreatedOnToolsVersion = 16.0;
						TestTargetID = 6DE8DF572CCBF29600EB37CB;
					};
					6DE8DF772CCBF29800EB37CB = {
						CreatedOnToolsVersion = 16.0;
						TestTargetID = 6DE8DF572CCBF29600EB37CB;
					};
				};
			};
			buildConfigurationList = 6DE8DF532CCBF29600EB37CB /* Build configuration list for PBXProject "fav game" */;
			developmentRegion = en;
			hasScannedForEncodings = 0;
			knownRegions = (
				en,
				Base,
			);
			mainGroup = 6DE8DF4F2CCBF29600EB37CB;
			minimizedProjectReferenceProxies = 1;
			preferredProjectObjectVersion = 77;
			productRefGroup = 6DE8DF4F2CCBF29600EB37CB;
			projectDirPath = "";
			projectRoot = "";
			targets = (
				6DE8DF572CCBF29600EB37CB /* fav game */,
				6DE8DF6D2CCBF29800EB37CB /* fav gameTests */,
				6DE8DF772CCBF29800EB37CB /* fav gameUITests */,
			);
		};
/* End PBXProject section */

/* Begin PBXResourcesBuildPhase section */
		6DE8DF562CCBF29600EB37CB /* Resources */ = {
			isa = PBXResourcesBuildPhase;
			buildActionMask = 2147483647;
			files = (
			);
			runOnlyForDeploymentPostprocessing = 0;
		};
		6DE8DF6C2CCBF29800EB37CB /* Resources */ = {
			isa = PBXResourcesBuildPhase;
			buildActionMask = 2147483647;
			files = (
			);
			runOnlyForDeploymentPostprocessing = 0;
		};
		6DE8DF762CCBF29800EB37CB /* Resources */ = {
			isa = PBXResourcesBuildPhase;
			buildActionMask = 2147483647;
			files = (
			);
			runOnlyForDeploymentPostprocessing = 0;
		};
/* End PBXResourcesBuildPhase section */

/* Begin PBXSourcesBuildPhase section */
		6DE8DF542CCBF29600EB37CB /* Sources */ = {
			isa = PBXSourcesBuildPhase;
			buildActionMask = 2147483647;
			files = (
			);
			runOnlyForDeploymentPostprocessing = 0;
		};
		6DE8DF6A2CCBF29800EB37CB /* Sources */ = {
			isa = PBXSourcesBuildPhase;
			buildActionMask = 2147483647;
			files = (
			);
			runOnlyForDeploymentPostprocessing = 0;
		};
		6DE8DF742CCBF29800EB37CB /* Sources */ = {
			isa = PBXSourcesBuildPhase;
			buildActionMask = 2147483647;
			files = (
			);
			runOnlyForDeploymentPostprocessing = 0;
		};
/* End PBXSourcesBuildPhase section */

/* Begin PBXTargetDependency section */
		6DE8DF702CCBF29800EB37CB /* PBXTargetDependency */ = {
			isa = PBXTargetDependency;
			target = 6DE8DF572CCBF29600EB37CB /* fav game */;
			targetProxy = 6DE8DF6F2CCBF29800EB37CB /* PBXContainerItemProxy */;
		};
		6DE8DF7A2CCBF29800EB37CB /* PBXTargetDependency */ = {
			isa = PBXTargetDependency;
			target = 6DE8DF572CCBF29600EB37CB /* fav game */;
			targetProxy = 6DE8DF792CCBF29800EB37CB /* PBXContainerItemProxy */;
		};
/* End PBXTargetDependency section */

/* Begin XCBuildConfiguration section */
		6DE8DF822CCBF29800EB37CB /* Debug */ = {
			isa = XCBuildConfiguration;
			buildSettings = {
				ASSETCATALOG_COMPILER_APPICON_NAME = AppIcon;
				ASSETCATALOG_COMPILER_GLOBAL_ACCENT_COLOR_NAME = AccentColor;
				CODE_SIGN_STYLE = Automatic;
				CURRENT_PROJECT_VERSION = 1;
				GENERATE_INFOPLIST_FILE = YES;
				INFOPLIST_FILE = "fav game/Info.plist";
				INFOPLIST_KEY_UIApplicationSupportsIndirectInputEvents = YES;
				INFOPLIST_KEY_UILaunchStoryboardName = LaunchScreen;
				INFOPLIST_KEY_UIMainStoryboardFile = Main;
				INFOPLIST_KEY_UISupportedInterfaceOrientations_iPad = "UIInterfaceOrientationPortrait UIInterfaceOrientationPortraitUpsideDown UIInterfaceOrientationLandscapeLeft UIInterfaceOrientationLandscapeRight";
				INFOPLIST_KEY_UISupportedInterfaceOrientations_iPhone = "UIInterfaceOrientationPortrait UIInterfaceOrientationLandscapeLeft UIInterfaceOrientationLandscapeRight";
				LD_RUNPATH_SEARCH_PATHS = (
					"$(inherited)",
					"@executable_path/Frameworks",
				);
				MARKETING_VERSION = 1.0;
				PRODUCT_BUNDLE_IDENTIFIER = "kama.fav-game";
				PRODUCT_NAME = "$(TARGET_NAME)";
				SWIFT_EMIT_LOC_STRINGS = YES;
				SWIFT_VERSION = 5.0;
				TARGETED_DEVICE_FAMILY = "1,2";
			};
			name = Debug;
		};
		6DE8DF832CCBF29800EB37CB /* Release */ = {
			isa = XCBuildConfiguration;
			buildSettings = {
				ASSETCATALOG_COMPILER_APPICON_NAME = AppIcon;
				ASSETCATALOG_COMPILER_GLOBAL_ACCENT_COLOR_NAME = AccentColor;
				CODE_SIGN_STYLE = Automatic;
				CURRENT_PROJECT_VERSION = 1;
				GENERATE_INFOPLIST_FILE = YES;
				INFOPLIST_FILE = "fav game/Info.plist";
				INFOPLIST_KEY_UIApplicationSupportsIndirectInputEvents = YES;
				INFOPLIST_KEY_UILaunchStoryboardName = LaunchScreen;
				INFOPLIST_KEY_UIMainStoryboardFile = Main;
				INFOPLIST_KEY_UISupportedInterfaceOrientations_iPad = "UIInterfaceOrientationPortrait UIInterfaceOrientationPortraitUpsideDown UIInterfaceOrientationLandscapeLeft UIInterfaceOrientationLandscapeRight";
				INFOPLIST_KEY_UISupportedInterfaceOrientations_iPhone = "UIInterfaceOrientationPortrait UIInterfaceOrientationLandscapeLeft UIInterfaceOrientationLandscapeRight";
				LD_RUNPATH_SEARCH_PATHS = (
					"$(inherited)",
					"@executable_path/Frameworks",
				);
				MARKETING_VERSION = 1.0;
				PRODUCT_BUNDLE_IDENTIFIER = "kama.fav-game";
				PRODUCT_NAME = "$(TARGET_NAME)";
				SWIFT_EMIT_LOC_STRINGS = YES;
				SWIFT_VERSION = 5.0;
				TARGETED_DEVICE_FAMILY = "1,2";
			};
			name = Release;
		};
		6DE8DF842CCBF29800EB37CB /* Debug */ = {
			isa = XCBuildConfiguration;
			buildSettings = {
				ALWAYS_SEARCH_USER_PATHS = NO;
				ASSETCATALOG_COMPILER_GENERATE_SWIFT_ASSET_SYMBOL_EXTENSIONS = YES;
				CLANG_ANALYZER_NONNULL = YES;
				CLANG_ANALYZER_NUMBER_OBJECT_CONVERSION = YES_AGGRESSIVE;
				CLANG_CXX_LANGUAGE_STANDARD = "gnu++20";
				CLANG_ENABLE_MODULES = YES;
				CLANG_ENABLE_OBJC_ARC = YES;
				CLANG_ENABLE_OBJC_WEAK = YES;
				CLANG_WARN_BLOCK_CAPTURE_AUTORELEASING = YES;
				CLANG_WARN_BOOL_CONVERSION = YES;
				CLANG_WARN_COMMA = YES;
				CLANG_WARN_CONSTANT_CONVERSION = YES;
				CLANG_WARN_DEPRECATED_OBJC_IMPLEMENTATIONS = YES;
				CLANG_WARN_DIRECT_OBJC_ISA_USAGE = YES_ERROR;
				CLANG_WARN_DOCUMENTATION_COMMENTS = YES;
				CLANG_WARN_EMPTY_BODY = YES;
				CLANG_WARN_ENUM_CONVERSION = YES;
				CLANG_WARN_INFINITE_RECURSION = YES;
				CLANG_WARN_INT_CONVERSION = YES;
				CLANG_WARN_NON_LITERAL_NULL_CONVERSION = YES;
				CLANG_WARN_OBJC_IMPLICIT_RETAIN_SELF = YES;
				CLANG_WARN_OBJC_LITERAL_CONVERSION = YES;
				CLANG_WARN_OBJC_ROOT_CLASS = YES_ERROR;
				CLANG_WARN_QUOTED_INCLUDE_IN_FRAMEWORK_HEADER = YES;
				CLANG_WARN_RANGE_LOOP_ANALYSIS = YES;
				CLANG_WARN_STRICT_PROTOTYPES = YES;
				CLANG_WARN_SUSPICIOUS_MOVE = YES;
				CLANG_WARN_UNGUARDED_AVAILABILITY = YES_AGGRESSIVE;
				CLANG_WARN_UNREACHABLE_CODE = YES;
				CLANG_WARN__DUPLICATE_METHOD_MATCH = YES;
				COPY_PHASE_STRIP = NO;
				DEBUG_INFORMATION_FORMAT = dwarf;
				ENABLE_STRICT_OBJC_MSGSEND = YES;
				ENABLE_TESTABILITY = YES;
				ENABLE_USER_SCRIPT_SANDBOXING = YES;
				GCC_C_LANGUAGE_STANDARD = gnu17;
				GCC_DYNAMIC_NO_PIC = NO;
				GCC_NO_COMMON_BLOCKS = YES;
				GCC_OPTIMIZATION_LEVEL = 0;
				GCC_PREPROCESSOR_DEFINITIONS = (
					"DEBUG=1",
					"$(inherited)",
				);
				GCC_WARN_64_TO_32_BIT_CONVERSION = YES;
				GCC_WARN_ABOUT_RETURN_TYPE = YES_ERROR;
				GCC_WARN_UNDECLARED_SELECTOR = YES;
				GCC_WARN_UNINITIALIZED_AUTOS = YES_AGGRESSIVE;
				GCC_WARN_UNUSED_FUNCTION = YES;
				GCC_WARN_UNUSED_VARIABLE = YES;
				IPHONEOS_DEPLOYMENT_TARGET = 18.0;
				LOCALIZATION_PREFERS_STRING_CATALOGS = YES;
				MTL_ENABLE_DEBUG_INFO = INCLUDE_SOURCE;
				MTL_FAST_MATH = YES;
				ONLY_ACTIVE_ARCH = YES;
				SDKROOT = iphoneos;
				SWIFT_ACTIVE_COMPILATION_CONDITIONS = "DEBUG $(inherited)";
				SWIFT_OPTIMIZATION_LEVEL = "-Onone";
			};
			name = Debug;
		};
		6DE8DF852CCBF29800EB37CB /* Release */ = {
			isa = XCBuildConfiguration;
			buildSettings = {
				ALWAYS_SEARCH_USER_PATHS = NO;
				ASSETCATALOG_COMPILER_GENERATE_SWIFT_ASSET_SYMBOL_EXTENSIONS = YES;
				CLANG_ANALYZER_NONNULL = YES;
				CLANG_ANALYZER_NUMBER_OBJECT_CONVERSION = YES_AGGRESSIVE;
				CLANG_CXX_LANGUAGE_STANDARD = "gnu++20";
				CLANG_ENABLE_MODULES = YES;
				CLANG_ENABLE_OBJC_ARC = YES;
				CLANG_ENABLE_OBJC_WEAK = YES;
				CLANG_WARN_BLOCK_CAPTURE_AUTORELEASING = YES;
				CLANG_WARN_BOOL_CONVERSION = YES;
				CLANG_WARN_COMMA = YES;
				CLANG_WARN_CONSTANT_CONVERSION = YES;
				CLANG_WARN_DEPRECATED_OBJC_IMPLEMENTATIONS = YES;
				CLANG_WARN_DIRECT_OBJC_ISA_USAGE = YES_ERROR;
				CLANG_WARN_DOCUMENTATION_COMMENTS = YES;
				CLANG_WARN_EMPTY_BODY = YES;
				CLANG_WARN_ENUM_CONVERSION = YES;
				CLANG_WARN_INFINITE_RECURSION = YES;
				CLANG_WARN_INT_CONVERSION = YES;
				CLANG_WARN_NON_LITERAL_NULL_CONVERSION = YES;
				CLANG_WARN_OBJC_IMPLICIT_RETAIN_SELF = YES;
				CLANG_WARN_OBJC_LITERAL_CONVERSION = YES;
				CLANG_WARN_OBJC_ROOT_CLASS = YES_ERROR;
				CLANG_WARN_QUOTED_INCLUDE_IN_FRAMEWORK_HEADER = YES;
				CLANG_WARN_RANGE_LOOP_ANALYSIS = YES;
				CLANG_WARN_STRICT_PROTOTYPES = YES;
				CLANG_WARN_SUSPICIOUS_MOVE = YES;
				CLANG_WARN_UNGUARDED_AVAILABILITY = YES_AGGRESSIVE;
				CLANG_WARN_UNREACHABLE_CODE = YES;
				CLANG_WARN__DUPLICATE_METHOD_MATCH = YES;
				COPY_PHASE_STRIP = NO;
				DEBUG_INFORMATION_FORMAT = "dwarf-with-dsym";
				ENABLE_NS_ASSERTIONS = NO;
				ENABLE_STRICT_OBJC_MSGSEND = YES;
				ENABLE_USER_SCRIPT_SANDBOXING = YES;
				GCC_C_LANGUAGE_STANDARD = gnu17;
				GCC_NO_COMMON_BLOCKS = YES;
				GCC_WARN_64_TO_32_BIT_CONVERSION = YES;
				GCC_WARN_ABOUT_RETURN_TYPE = YES_ERROR;
				GCC_WARN_UNDECLARED_SELECTOR = YES;
				GCC_WARN_UNINITIALIZED_AUTOS = YES_AGGRESSIVE;
				GCC_WARN_UNUSED_FUNCTION = YES;
				GCC_WARN_UNUSED_VARIABLE = YES;
				IPHONEOS_DEPLOYMENT_TARGET = 18.0;
				LOCALIZATION_PREFERS_STRING_CATALOGS = YES;
				MTL_ENABLE_DEBUG_INFO = NO;
				MTL_FAST_MATH = YES;
				SDKROOT = iphoneos;
				SWIFT_COMPILATION_MODE = wholemodule;
				VALIDATE_PRODUCT = YES;
			};
			name = Release;
		};
		6DE8DF872CCBF29800EB37CB /* Debug */ = {
			isa = XCBuildConfiguration;
			buildSettings = {
				BUNDLE_LOADER = "$(TEST_HOST)";
				CODE_SIGN_STYLE = Automatic;
				CURRENT_PROJECT_VERSION = 1;
				GENERATE_INFOPLIST_FILE = YES;
				IPHONEOS_DEPLOYMENT_TARGET = 18.0;
				MARKETING_VERSION = 1.0;
				PRODUCT_BUNDLE_IDENTIFIER = "kama.fav-gameTests";
				PRODUCT_NAME = "$(TARGET_NAME)";
				SWIFT_EMIT_LOC_STRINGS = NO;
				SWIFT_VERSION = 5.0;
				TARGETED_DEVICE_FAMILY = "1,2";
				TEST_HOST = "$(BUILT_PRODUCTS_DIR)/fav game.app/$(BUNDLE_EXECUTABLE_FOLDER_PATH)/fav game";
			};
			name = Debug;
		};
		6DE8DF882CCBF29800EB37CB /* Release */ = {
			isa = XCBuildConfiguration;
			buildSettings = {
				BUNDLE_LOADER = "$(TEST_HOST)";
				CODE_SIGN_STYLE = Automatic;
				CURRENT_PROJECT_VERSION = 1;
				GENERATE_INFOPLIST_FILE = YES;
				IPHONEOS_DEPLOYMENT_TARGET = 18.0;
				MARKETING_VERSION = 1.0;
				PRODUCT_BUNDLE_IDENTIFIER = "kama.fav-gameTests";
				PRODUCT_NAME = "$(TARGET_NAME)";
				SWIFT_EMIT_LOC_STRINGS = NO;
				SWIFT_VERSION = 5.0;
				TARGETED_DEVICE_FAMILY = "1,2";
				TEST_HOST = "$(BUILT_PRODUCTS_DIR)/fav game.app/$(BUNDLE_EXECUTABLE_FOLDER_PATH)/fav game";
			};
			name = Release;
		};
		6DE8DF8A2CCBF29800EB37CB /* Debug */ = {
			isa = XCBuildConfiguration;
			buildSettings = {
				CODE_SIGN_STYLE = Automatic;
				CURRENT_PROJECT_VERSION = 1;
				GENERATE_INFOPLIST_FILE = YES;
				MARKETING_VERSION = 1.0;
				PRODUCT_BUNDLE_IDENTIFIER = "kama.fav-gameUITests";
				PRODUCT_NAME = "$(TARGET_NAME)";
				SWIFT_EMIT_LOC_STRINGS = NO;
				SWIFT_VERSION = 5.0;
				TARGETED_DEVICE_FAMILY = "1,2";
				TEST_TARGET_NAME = "fav game";
			};
			name = Debug;
		};
		6DE8DF8B2CCBF29800EB37CB /* Release */ = {
			isa = XCBuildConfiguration;
			buildSettings = {
				CODE_SIGN_STYLE = Automatic;
				CURRENT_PROJECT_VERSION = 1;
				GENERATE_INFOPLIST_FILE = YES;
				MARKETING_VERSION = 1.0;
				PRODUCT_BUNDLE_IDENTIFIER = "kama.fav-gameUITests";
				PRODUCT_NAME = "$(TARGET_NAME)";
				SWIFT_EMIT_LOC_STRINGS = NO;
				SWIFT_VERSION = 5.0;
				TARGETED_DEVICE_FAMILY = "1,2";
				TEST_TARGET_NAME = "fav game";
			};
			name = Release;
		};
/* End XCBuildConfiguration section */

/* Begin XCConfigurationList section */
		6DE8DF532CCBF29600EB37CB /* Build configuration list for PBXProject "fav game" */ = {
			isa = XCConfigurationList;
			buildConfigurations = (
				6DE8DF842CCBF29800EB37CB /* Debug */,
				6DE8DF852CCBF29800EB37CB /* Release */,
			);
			defaultConfigurationIsVisible = 0;
			defaultConfigurationName = Release;
		};
		6DE8DF812CCBF29800EB37CB /* Build configuration list for PBXNativeTarget "fav game" */ = {
			isa = XCConfigurationList;
			buildConfigurations = (
				6DE8DF822CCBF29800EB37CB /* Debug */,
				6DE8DF832CCBF29800EB37CB /* Release */,
			);
			defaultConfigurationIsVisible = 0;
			defaultConfigurationName = Release;
		};
		6DE8DF862CCBF29800EB37CB /* Build configuration list for PBXNativeTarget "fav gameTests" */ = {
			isa = XCConfigurationList;
			buildConfigurations = (
				6DE8DF872CCBF29800EB37CB /* Debug */,
				6DE8DF882CCBF29800EB37CB /* Release */,
			);
			defaultConfigurationIsVisible = 0;
			defaultConfigurationName = Release;
		};
		6DE8DF892CCBF29800EB37CB /* Build configuration list for PBXNativeTarget "fav gameUITests" */ = {
			isa = XCConfigurationList;
			buildConfigurations = (
				6DE8DF8A2CCBF29800EB37CB /* Debug */,
				6DE8DF8B2CCBF29800EB37CB /* Release */,
			);
			defaultConfigurationIsVisible = 0;
			defaultConfigurationName = Release;
		};
/* End XCConfigurationList section */
	};
	rootObject = 6DE8DF502CCBF29600EB37CB /* Project object */;
}
