// !$*UTF8*$!
{
	archiveVersion = 1;
	classes = {
	};
	objectVersion = 77;
	objects = {

/* Begin PBXContainerItemProxy section */
		6DD91CBB2CC01D44003CC4B3 /* PBXContainerItemProxy */ = {
			isa = PBXContainerItemProxy;
			containerPortal = 6DD91C9C2CC01D43003CC4B3 /* Project object */;
			proxyType = 1;
			remoteGlobalIDString = 6DD91CA32CC01D43003CC4B3;
			remoteInfo = "Egg Timer";
		};
		6DD91CC52CC01D44003CC4B3 /* PBXContainerItemProxy */ = {
			isa = PBXContainerItemProxy;
			containerPortal = 6DD91C9C2CC01D43003CC4B3 /* Project object */;
			proxyType = 1;
			remoteGlobalIDString = 6DD91CA32CC01D43003CC4B3;
			remoteInfo = "Egg Timer";
		};
/* End PBXContainerItemProxy section */

/* Begin PBXFileReference section */
		6DD91CA42CC01D43003CC4B3 /* Egg Timer.app */ = {isa = PBXFileReference; explicitFileType = wrapper.application; includeInIndex = 0; path = "Egg Timer.app"; sourceTree = BUILT_PRODUCTS_DIR; };
		6DD91CBA2CC01D44003CC4B3 /* Egg TimerTests.xctest */ = {isa = PBXFileReference; explicitFileType = wrapper.cfbundle; includeInIndex = 0; path = "Egg TimerTests.xctest"; sourceTree = BUILT_PRODUCTS_DIR; };
		6DD91CC42CC01D44003CC4B3 /* Egg TimerUITests.xctest */ = {isa = PBXFileReference; explicitFileType = wrapper.cfbundle; includeInIndex = 0; path = "Egg TimerUITests.xctest"; sourceTree = BUILT_PRODUCTS_DIR; };
/* End PBXFileReference section */

/* Begin PBXFileSystemSynchronizedBuildFileExceptionSet section */
		6DD91CCC2CC01D44003CC4B3 /* Exceptions for "Egg Timer" folder in "Egg Timer" target */ = {
			isa = PBXFileSystemSynchronizedBuildFileExceptionSet;
			membershipExceptions = (
				Info.plist,
			);
			target = 6DD91CA32CC01D43003CC4B3 /* Egg Timer */;
		};
/* End PBXFileSystemSynchronizedBuildFileExceptionSet section */

/* Begin PBXFileSystemSynchronizedRootGroup section */
		6DD91CA62CC01D43003CC4B3 /* Egg Timer */ = {
			isa = PBXFileSystemSynchronizedRootGroup;
			exceptions = (
				6DD91CCC2CC01D44003CC4B3 /* Exceptions for "Egg Timer" folder in "Egg Timer" target */,
			);
			explicitFileTypes = {
				"boiled eggs/alarm.wav" = audio.wav;
			};
			path = "Egg Timer";
			sourceTree = "<group>";
		};
		6DD91CBD2CC01D44003CC4B3 /* Egg TimerTests */ = {
			isa = PBXFileSystemSynchronizedRootGroup;
			path = "Egg TimerTests";
			sourceTree = "<group>";
		};
		6DD91CC72CC01D44003CC4B3 /* Egg TimerUITests */ = {
			isa = PBXFileSystemSynchronizedRootGroup;
			path = "Egg TimerUITests";
			sourceTree = "<group>";
		};
/* End PBXFileSystemSynchronizedRootGroup section */

/* Begin PBXFrameworksBuildPhase section */
		6DD91CA12CC01D43003CC4B3 /* Frameworks */ = {
			isa = PBXFrameworksBuildPhase;
			buildActionMask = 2147483647;
			files = (
			);
			runOnlyForDeploymentPostprocessing = 0;
		};
		6DD91CB72CC01D44003CC4B3 /* Frameworks */ = {
			isa = PBXFrameworksBuildPhase;
			buildActionMask = 2147483647;
			files = (
			);
			runOnlyForDeploymentPostprocessing = 0;
		};
		6DD91CC12CC01D44003CC4B3 /* Frameworks */ = {
			isa = PBXFrameworksBuildPhase;
			buildActionMask = 2147483647;
			files = (
			);
			runOnlyForDeploymentPostprocessing = 0;
		};
/* End PBXFrameworksBuildPhase section */

/* Begin PBXGroup section */
		6DD91C9B2CC01D43003CC4B3 = {
			isa = PBXGroup;
			children = (
				6DD91CA62CC01D43003CC4B3 /* Egg Timer */,
				6DD91CBD2CC01D44003CC4B3 /* Egg TimerTests */,
				6DD91CC72CC01D44003CC4B3 /* Egg TimerUITests */,
				6DD91CA52CC01D43003CC4B3 /* Products */,
			);
			sourceTree = "<group>";
		};
		6DD91CA52CC01D43003CC4B3 /* Products */ = {
			isa = PBXGroup;
			children = (
				6DD91CA42CC01D43003CC4B3 /* Egg Timer.app */,
				6DD91CBA2CC01D44003CC4B3 /* Egg TimerTests.xctest */,
				6DD91CC42CC01D44003CC4B3 /* Egg TimerUITests.xctest */,
			);
			name = Products;
			sourceTree = "<group>";
		};
/* End PBXGroup section */

/* Begin PBXNativeTarget section */
		6DD91CA32CC01D43003CC4B3 /* Egg Timer */ = {
			isa = PBXNativeTarget;
			buildConfigurationList = 6DD91CCD2CC01D44003CC4B3 /* Build configuration list for PBXNativeTarget "Egg Timer" */;
			buildPhases = (
				6DD91CA02CC01D43003CC4B3 /* Sources */,
				6DD91CA12CC01D43003CC4B3 /* Frameworks */,
				6DD91CA22CC01D43003CC4B3 /* Resources */,
			);
			buildRules = (
			);
			dependencies = (
			);
			fileSystemSynchronizedGroups = (
				6DD91CA62CC01D43003CC4B3 /* Egg Timer */,
			);
			name = "Egg Timer";
			packageProductDependencies = (
			);
			productName = "Egg Timer";
			productReference = 6DD91CA42CC01D43003CC4B3 /* Egg Timer.app */;
			productType = "com.apple.product-type.application";
		};
		6DD91CB92CC01D44003CC4B3 /* Egg TimerTests */ = {
			isa = PBXNativeTarget;
			buildConfigurationList = 6DD91CD22CC01D44003CC4B3 /* Build configuration list for PBXNativeTarget "Egg TimerTests" */;
			buildPhases = (
				6DD91CB62CC01D44003CC4B3 /* Sources */,
				6DD91CB72CC01D44003CC4B3 /* Frameworks */,
				6DD91CB82CC01D44003CC4B3 /* Resources */,
			);
			buildRules = (
			);
			dependencies = (
				6DD91CBC2CC01D44003CC4B3 /* PBXTargetDependency */,
			);
			fileSystemSynchronizedGroups = (
				6DD91CBD2CC01D44003CC4B3 /* Egg TimerTests */,
			);
			name = "Egg TimerTests";
			packageProductDependencies = (
			);
			productName = "Egg TimerTests";
			productReference = 6DD91CBA2CC01D44003CC4B3 /* Egg TimerTests.xctest */;
			productType = "com.apple.product-type.bundle.unit-test";
		};
		6DD91CC32CC01D44003CC4B3 /* Egg TimerUITests */ = {
			isa = PBXNativeTarget;
			buildConfigurationList = 6DD91CD52CC01D44003CC4B3 /* Build configuration list for PBXNativeTarget "Egg TimerUITests" */;
			buildPhases = (
				6DD91CC02CC01D44003CC4B3 /* Sources */,
				6DD91CC12CC01D44003CC4B3 /* Frameworks */,
				6DD91CC22CC01D44003CC4B3 /* Resources */,
			);
			buildRules = (
			);
			dependencies = (
				6DD91CC62CC01D44003CC4B3 /* PBXTargetDependency */,
			);
			fileSystemSynchronizedGroups = (
				6DD91CC72CC01D44003CC4B3 /* Egg TimerUITests */,
			);
			name = "Egg TimerUITests";
			packageProductDependencies = (
			);
			productName = "Egg TimerUITests";
			productReference = 6DD91CC42CC01D44003CC4B3 /* Egg TimerUITests.xctest */;
			productType = "com.apple.product-type.bundle.ui-testing";
		};
/* End PBXNativeTarget section */

/* Begin PBXProject section */
		6DD91C9C2CC01D43003CC4B3 /* Project object */ = {
			isa = PBXProject;
			attributes = {
				BuildIndependentTargetsInParallel = 1;
				LastSwiftUpdateCheck = 1600;
				LastUpgradeCheck = 1600;
				TargetAttributes = {
					6DD91CA32CC01D43003CC4B3 = {
						CreatedOnToolsVersion = 16.0;
					};
					6DD91CB92CC01D44003CC4B3 = {
						CreatedOnToolsVersion = 16.0;
						TestTargetID = 6DD91CA32CC01D43003CC4B3;
					};
					6DD91CC32CC01D44003CC4B3 = {
						CreatedOnToolsVersion = 16.0;
						TestTargetID = 6DD91CA32CC01D43003CC4B3;
					};
				};
			};
			buildConfigurationList = 6DD91C9F2CC01D43003CC4B3 /* Build configuration list for PBXProject "Egg Timer" */;
			developmentRegion = en;
			hasScannedForEncodings = 0;
			knownRegions = (
				en,
				Base,
			);
			mainGroup = 6DD91C9B2CC01D43003CC4B3;
			minimizedProjectReferenceProxies = 1;
			preferredProjectObjectVersion = 77;
			productRefGroup = 6DD91CA52CC01D43003CC4B3 /* Products */;
			projectDirPath = "";
			projectRoot = "";
			targets = (
				6DD91CA32CC01D43003CC4B3 /* Egg Timer */,
				6DD91CB92CC01D44003CC4B3 /* Egg TimerTests */,
				6DD91CC32CC01D44003CC4B3 /* Egg TimerUITests */,
			);
		};
/* End PBXProject section */

/* Begin PBXResourcesBuildPhase section */
		6DD91CA22CC01D43003CC4B3 /* Resources */ = {
			isa = PBXResourcesBuildPhase;
			buildActionMask = 2147483647;
			files = (
			);
			runOnlyForDeploymentPostprocessing = 0;
		};
		6DD91CB82CC01D44003CC4B3 /* Resources */ = {
			isa = PBXResourcesBuildPhase;
			buildActionMask = 2147483647;
			files = (
			);
			runOnlyForDeploymentPostprocessing = 0;
		};
		6DD91CC22CC01D44003CC4B3 /* Resources */ = {
			isa = PBXResourcesBuildPhase;
			buildActionMask = 2147483647;
			files = (
			);
			runOnlyForDeploymentPostprocessing = 0;
		};
/* End PBXResourcesBuildPhase section */

/* Begin PBXSourcesBuildPhase section */
		6DD91CA02CC01D43003CC4B3 /* Sources */ = {
			isa = PBXSourcesBuildPhase;
			buildActionMask = 2147483647;
			files = (
			);
			runOnlyForDeploymentPostprocessing = 0;
		};
		6DD91CB62CC01D44003CC4B3 /* Sources */ = {
			isa = PBXSourcesBuildPhase;
			buildActionMask = 2147483647;
			files = (
			);
			runOnlyForDeploymentPostprocessing = 0;
		};
		6DD91CC02CC01D44003CC4B3 /* Sources */ = {
			isa = PBXSourcesBuildPhase;
			buildActionMask = 2147483647;
			files = (
			);
			runOnlyForDeploymentPostprocessing = 0;
		};
/* End PBXSourcesBuildPhase section */

/* Begin PBXTargetDependency section */
		6DD91CBC2CC01D44003CC4B3 /* PBXTargetDependency */ = {
			isa = PBXTargetDependency;
			target = 6DD91CA32CC01D43003CC4B3 /* Egg Timer */;
			targetProxy = 6DD91CBB2CC01D44003CC4B3 /* PBXContainerItemProxy */;
		};
		6DD91CC62CC01D44003CC4B3 /* PBXTargetDependency */ = {
			isa = PBXTargetDependency;
			target = 6DD91CA32CC01D43003CC4B3 /* Egg Timer */;
			targetProxy = 6DD91CC52CC01D44003CC4B3 /* PBXContainerItemProxy */;
		};
/* End PBXTargetDependency section */

/* Begin XCBuildConfiguration section */
		6DD91CCE2CC01D44003CC4B3 /* Debug */ = {
			isa = XCBuildConfiguration;
			buildSettings = {
				ASSETCATALOG_COMPILER_APPICON_NAME = AppIcon;
				ASSETCATALOG_COMPILER_GLOBAL_ACCENT_COLOR_NAME = AccentColor;
				CODE_SIGN_STYLE = Automatic;
				CURRENT_PROJECT_VERSION = 1;
				GENERATE_INFOPLIST_FILE = YES;
				INFOPLIST_FILE = "Egg Timer/Info.plist";
				INFOPLIST_KEY_UIApplicationSupportsIndirectInputEvents = YES;
				INFOPLIST_KEY_UILaunchStoryboardName = LaunchScreen;
				INFOPLIST_KEY_UIMainStoryboardFile = Main;
				INFOPLIST_KEY_UISupportedInterfaceOrientations_iPad = "UIInterfaceOrientationPortrait UIInterfaceOrientationPortraitUpsideDown UIInterfaceOrientationLandscapeLeft UIInterfaceOrientationLandscapeRight";
				INFOPLIST_KEY_UISupportedInterfaceOrientations_iPhone = "UIInterfaceOrientationPortrait UIInterfaceOrientationLandscapeLeft UIInterfaceOrientationLandscapeRight";
				LD_RUNPATH_SEARCH_PATHS = (
					"$(inherited)",
					"@executable_path/Frameworks",
				);
				MARKETING_VERSION = 1.0;
				PRODUCT_BUNDLE_IDENTIFIER = "kama.Egg-Timer";
				PRODUCT_NAME = "$(TARGET_NAME)";
				SWIFT_EMIT_LOC_STRINGS = YES;
				SWIFT_VERSION = 5.0;
				TARGETED_DEVICE_FAMILY = "1,2";
			};
			name = Debug;
		};
		6DD91CCF2CC01D44003CC4B3 /* Release */ = {
			isa = XCBuildConfiguration;
			buildSettings = {
				ASSETCATALOG_COMPILER_APPICON_NAME = AppIcon;
				ASSETCATALOG_COMPILER_GLOBAL_ACCENT_COLOR_NAME = AccentColor;
				CODE_SIGN_STYLE = Automatic;
				CURRENT_PROJECT_VERSION = 1;
				GENERATE_INFOPLIST_FILE = YES;
				INFOPLIST_FILE = "Egg Timer/Info.plist";
				INFOPLIST_KEY_UIApplicationSupportsIndirectInputEvents = YES;
				INFOPLIST_KEY_UILaunchStoryboardName = LaunchScreen;
				INFOPLIST_KEY_UIMainStoryboardFile = Main;
				INFOPLIST_KEY_UISupportedInterfaceOrientations_iPad = "UIInterfaceOrientationPortrait UIInterfaceOrientationPortraitUpsideDown UIInterfaceOrientationLandscapeLeft UIInterfaceOrientationLandscapeRight";
				INFOPLIST_KEY_UISupportedInterfaceOrientations_iPhone = "UIInterfaceOrientationPortrait UIInterfaceOrientationLandscapeLeft UIInterfaceOrientationLandscapeRight";
				LD_RUNPATH_SEARCH_PATHS = (
					"$(inherited)",
					"@executable_path/Frameworks",
				);
				MARKETING_VERSION = 1.0;
				PRODUCT_BUNDLE_IDENTIFIER = "kama.Egg-Timer";
				PRODUCT_NAME = "$(TARGET_NAME)";
				SWIFT_EMIT_LOC_STRINGS = YES;
				SWIFT_VERSION = 5.0;
				TARGETED_DEVICE_FAMILY = "1,2";
			};
			name = Release;
		};
		6DD91CD02CC01D44003CC4B3 /* Debug */ = {
			isa = XCBuildConfiguration;
			buildSettings = {
				ALWAYS_SEARCH_USER_PATHS = NO;
				ASSETCATALOG_COMPILER_GENERATE_SWIFT_ASSET_SYMBOL_EXTENSIONS = YES;
				CLANG_ANALYZER_NONNULL = YES;
				CLANG_ANALYZER_NUMBER_OBJECT_CONVERSION = YES_AGGRESSIVE;
				CLANG_CXX_LANGUAGE_STANDARD = "gnu++20";
				CLANG_ENABLE_MODULES = YES;
				CLANG_ENABLE_OBJC_ARC = YES;
				CLANG_ENABLE_OBJC_WEAK = YES;
				CLANG_WARN_BLOCK_CAPTURE_AUTORELEASING = YES;
				CLANG_WARN_BOOL_CONVERSION = YES;
				CLANG_WARN_COMMA = YES;
				CLANG_WARN_CONSTANT_CONVERSION = YES;
				CLANG_WARN_DEPRECATED_OBJC_IMPLEMENTATIONS = YES;
				CLANG_WARN_DIRECT_OBJC_ISA_USAGE = YES_ERROR;
				CLANG_WARN_DOCUMENTATION_COMMENTS = YES;
				CLANG_WARN_EMPTY_BODY = YES;
				CLANG_WARN_ENUM_CONVERSION = YES;
				CLANG_WARN_INFINITE_RECURSION = YES;
				CLANG_WARN_INT_CONVERSION = YES;
				CLANG_WARN_NON_LITERAL_NULL_CONVERSION = YES;
				CLANG_WARN_OBJC_IMPLICIT_RETAIN_SELF = YES;
				CLANG_WARN_OBJC_LITERAL_CONVERSION = YES;
				CLANG_WARN_OBJC_ROOT_CLASS = YES_ERROR;
				CLANG_WARN_QUOTED_INCLUDE_IN_FRAMEWORK_HEADER = YES;
				CLANG_WARN_RANGE_LOOP_ANALYSIS = YES;
				CLANG_WARN_STRICT_PROTOTYPES = YES;
				CLANG_WARN_SUSPICIOUS_MOVE = YES;
				CLANG_WARN_UNGUARDED_AVAILABILITY = YES_AGGRESSIVE;
				CLANG_WARN_UNREACHABLE_CODE = YES;
				CLANG_WARN__DUPLICATE_METHOD_MATCH = YES;
				COPY_PHASE_STRIP = NO;
				DEBUG_INFORMATION_FORMAT = dwarf;
				ENABLE_STRICT_OBJC_MSGSEND = YES;
				ENABLE_TESTABILITY = YES;
				ENABLE_USER_SCRIPT_SANDBOXING = YES;
				GCC_C_LANGUAGE_STANDARD = gnu17;
				GCC_DYNAMIC_NO_PIC = NO;
				GCC_NO_COMMON_BLOCKS = YES;
				GCC_OPTIMIZATION_LEVEL = 0;
				GCC_PREPROCESSOR_DEFINITIONS = (
					"DEBUG=1",
					"$(inherited)",
				);
				GCC_WARN_64_TO_32_BIT_CONVERSION = YES;
				GCC_WARN_ABOUT_RETURN_TYPE = YES_ERROR;
				GCC_WARN_UNDECLARED_SELECTOR = YES;
				GCC_WARN_UNINITIALIZED_AUTOS = YES_AGGRESSIVE;
				GCC_WARN_UNUSED_FUNCTION = YES;
				GCC_WARN_UNUSED_VARIABLE = YES;
				IPHONEOS_DEPLOYMENT_TARGET = 18.0;
				LOCALIZATION_PREFERS_STRING_CATALOGS = YES;
				MTL_ENABLE_DEBUG_INFO = INCLUDE_SOURCE;
				MTL_FAST_MATH = YES;
				ONLY_ACTIVE_ARCH = YES;
				SDKROOT = iphoneos;
				SWIFT_ACTIVE_COMPILATION_CONDITIONS = "DEBUG $(inherited)";
				SWIFT_OPTIMIZATION_LEVEL = "-Onone";
			};
			name = Debug;
		};
		6DD91CD12CC01D44003CC4B3 /* Release */ = {
			isa = XCBuildConfiguration;
			buildSettings = {
				ALWAYS_SEARCH_USER_PATHS = NO;
				ASSETCATALOG_COMPILER_GENERATE_SWIFT_ASSET_SYMBOL_EXTENSIONS = YES;
				CLANG_ANALYZER_NONNULL = YES;
				CLANG_ANALYZER_NUMBER_OBJECT_CONVERSION = YES_AGGRESSIVE;
				CLANG_CXX_LANGUAGE_STANDARD = "gnu++20";
				CLANG_ENABLE_MODULES = YES;
				CLANG_ENABLE_OBJC_ARC = YES;
				CLANG_ENABLE_OBJC_WEAK = YES;
				CLANG_WARN_BLOCK_CAPTURE_AUTORELEASING = YES;
				CLANG_WARN_BOOL_CONVERSION = YES;
				CLANG_WARN_COMMA = YES;
				CLANG_WARN_CONSTANT_CONVERSION = YES;
				CLANG_WARN_DEPRECATED_OBJC_IMPLEMENTATIONS = YES;
				CLANG_WARN_DIRECT_OBJC_ISA_USAGE = YES_ERROR;
				CLANG_WARN_DOCUMENTATION_COMMENTS = YES;
				CLANG_WARN_EMPTY_BODY = YES;
				CLANG_WARN_ENUM_CONVERSION = YES;
				CLANG_WARN_INFINITE_RECURSION = YES;
				CLANG_WARN_INT_CONVERSION = YES;
				CLANG_WARN_NON_LITERAL_NULL_CONVERSION = YES;
				CLANG_WARN_OBJC_IMPLICIT_RETAIN_SELF = YES;
				CLANG_WARN_OBJC_LITERAL_CONVERSION = YES;
				CLANG_WARN_OBJC_ROOT_CLASS = YES_ERROR;
				CLANG_WARN_QUOTED_INCLUDE_IN_FRAMEWORK_HEADER = YES;
				CLANG_WARN_RANGE_LOOP_ANALYSIS = YES;
				CLANG_WARN_STRICT_PROTOTYPES = YES;
				CLANG_WARN_SUSPICIOUS_MOVE = YES;
				CLANG_WARN_UNGUARDED_AVAILABILITY = YES_AGGRESSIVE;
				CLANG_WARN_UNREACHABLE_CODE = YES;
				CLANG_WARN__DUPLICATE_METHOD_MATCH = YES;
				COPY_PHASE_STRIP = NO;
				DEBUG_INFORMATION_FORMAT = "dwarf-with-dsym";
				ENABLE_NS_ASSERTIONS = NO;
				ENABLE_STRICT_OBJC_MSGSEND = YES;
				ENABLE_USER_SCRIPT_SANDBOXING = YES;
				GCC_C_LANGUAGE_STANDARD = gnu17;
				GCC_NO_COMMON_BLOCKS = YES;
				GCC_WARN_64_TO_32_BIT_CONVERSION = YES;
				GCC_WARN_ABOUT_RETURN_TYPE = YES_ERROR;
				GCC_WARN_UNDECLARED_SELECTOR = YES;
				GCC_WARN_UNINITIALIZED_AUTOS = YES_AGGRESSIVE;
				GCC_WARN_UNUSED_FUNCTION = YES;
				GCC_WARN_UNUSED_VARIABLE = YES;
				IPHONEOS_DEPLOYMENT_TARGET = 18.0;
				LOCALIZATION_PREFERS_STRING_CATALOGS = YES;
				MTL_ENABLE_DEBUG_INFO = NO;
				MTL_FAST_MATH = YES;
				SDKROOT = iphoneos;
				SWIFT_COMPILATION_MODE = wholemodule;
				VALIDATE_PRODUCT = YES;
			};
			name = Release;
		};
		6DD91CD32CC01D44003CC4B3 /* Debug */ = {
			isa = XCBuildConfiguration;
			buildSettings = {
				BUNDLE_LOADER = "$(TEST_HOST)";
				CODE_SIGN_STYLE = Automatic;
				CURRENT_PROJECT_VERSION = 1;
				GENERATE_INFOPLIST_FILE = YES;
				IPHONEOS_DEPLOYMENT_TARGET = 18.0;
				MARKETING_VERSION = 1.0;
				PRODUCT_BUNDLE_IDENTIFIER = "kama.Egg-TimerTests";
				PRODUCT_NAME = "$(TARGET_NAME)";
				SWIFT_EMIT_LOC_STRINGS = NO;
				SWIFT_VERSION = 5.0;
				TARGETED_DEVICE_FAMILY = "1,2";
				TEST_HOST = "$(BUILT_PRODUCTS_DIR)/Egg Timer.app/$(BUNDLE_EXECUTABLE_FOLDER_PATH)/Egg Timer";
			};
			name = Debug;
		};
		6DD91CD42CC01D44003CC4B3 /* Release */ = {
			isa = XCBuildConfiguration;
			buildSettings = {
				BUNDLE_LOADER = "$(TEST_HOST)";
				CODE_SIGN_STYLE = Automatic;
				CURRENT_PROJECT_VERSION = 1;
				GENERATE_INFOPLIST_FILE = YES;
				IPHONEOS_DEPLOYMENT_TARGET = 18.0;
				MARKETING_VERSION = 1.0;
				PRODUCT_BUNDLE_IDENTIFIER = "kama.Egg-TimerTests";
				PRODUCT_NAME = "$(TARGET_NAME)";
				SWIFT_EMIT_LOC_STRINGS = NO;
				SWIFT_VERSION = 5.0;
				TARGETED_DEVICE_FAMILY = "1,2";
				TEST_HOST = "$(BUILT_PRODUCTS_DIR)/Egg Timer.app/$(BUNDLE_EXECUTABLE_FOLDER_PATH)/Egg Timer";
			};
			name = Release;
		};
		6DD91CD62CC01D44003CC4B3 /* Debug */ = {
			isa = XCBuildConfiguration;
			buildSettings = {
				CODE_SIGN_STYLE = Automatic;
				CURRENT_PROJECT_VERSION = 1;
				GENERATE_INFOPLIST_FILE = YES;
				MARKETING_VERSION = 1.0;
				PRODUCT_BUNDLE_IDENTIFIER = "kama.Egg-TimerUITests";
				PRODUCT_NAME = "$(TARGET_NAME)";
				SWIFT_EMIT_LOC_STRINGS = NO;
				SWIFT_VERSION = 5.0;
				TARGETED_DEVICE_FAMILY = "1,2";
				TEST_TARGET_NAME = "Egg Timer";
			};
			name = Debug;
		};
		6DD91CD72CC01D44003CC4B3 /* Release */ = {
			isa = XCBuildConfiguration;
			buildSettings = {
				CODE_SIGN_STYLE = Automatic;
				CURRENT_PROJECT_VERSION = 1;
				GENERATE_INFOPLIST_FILE = YES;
				MARKETING_VERSION = 1.0;
				PRODUCT_BUNDLE_IDENTIFIER = "kama.Egg-TimerUITests";
				PRODUCT_NAME = "$(TARGET_NAME)";
				SWIFT_EMIT_LOC_STRINGS = NO;
				SWIFT_VERSION = 5.0;
				TARGETED_DEVICE_FAMILY = "1,2";
				TEST_TARGET_NAME = "Egg Timer";
			};
			name = Release;
		};
/* End XCBuildConfiguration section */

/* Begin XCConfigurationList section */
		6DD91C9F2CC01D43003CC4B3 /* Build configuration list for PBXProject "Egg Timer" */ = {
			isa = XCConfigurationList;
			buildConfigurations = (
				6DD91CD02CC01D44003CC4B3 /* Debug */,
				6DD91CD12CC01D44003CC4B3 /* Release */,
			);
			defaultConfigurationIsVisible = 0;
			defaultConfigurationName = Release;
		};
		6DD91CCD2CC01D44003CC4B3 /* Build configuration list for PBXNativeTarget "Egg Timer" */ = {
			isa = XCConfigurationList;
			buildConfigurations = (
				6DD91CCE2CC01D44003CC4B3 /* Debug */,
				6DD91CCF2CC01D44003CC4B3 /* Release */,
			);
			defaultConfigurationIsVisible = 0;
			defaultConfigurationName = Release;
		};
		6DD91CD22CC01D44003CC4B3 /* Build configuration list for PBXNativeTarget "Egg TimerTests" */ = {
			isa = XCConfigurationList;
			buildConfigurations = (
				6DD91CD32CC01D44003CC4B3 /* Debug */,
				6DD91CD42CC01D44003CC4B3 /* Release */,
			);
			defaultConfigurationIsVisible = 0;
			defaultConfigurationName = Release;
		};
		6DD91CD52CC01D44003CC4B3 /* Build configuration list for PBXNativeTarget "Egg TimerUITests" */ = {
			isa = XCConfigurationList;
			buildConfigurations = (
				6DD91CD62CC01D44003CC4B3 /* Debug */,
				6DD91CD72CC01D44003CC4B3 /* Release */,
			);
			defaultConfigurationIsVisible = 0;
			defaultConfigurationName = Release;
		};
/* End XCConfigurationList section */
	};
	rootObject = 6DD91C9C2CC01D43003CC4B3 /* Project object */;
}
